
Microsoft Visual Studio Solution File, Format Version 12.00
# Visual Studio Version 17
VisualStudioVersion = 17.1.32414.318
MinimumVisualStudioVersion = 10.0.40219.1
Project("{FAE04EC0-301F-11D3-BF4B-00C04F79EFBC}") = "CurriculoGerenciator.Interface", "CurriculoGerenciator.Interface\CurriculoGerenciator.Interface.csproj", "{9090CC80-2E6C-473F-A390-E13343848C81}"
EndProject
Project("{FAE04EC0-301F-11D3-BF4B-00C04F79EFBC}") = "CurriculoGerenciator.Application", "CurriculoGerenciator.Application\CurriculoGerenciator.Application.csproj", "{50B6CBE5-F184-4773-A442-9E3BF58B6AD1}"
EndProject
Project("{FAE04EC0-301F-11D3-BF4B-00C04F79EFBC}") = "CurriculoGerenciator.Domain", "CurriculoGerenciator.Domain\CurriculoGerenciator.Domain.csproj", "{DF836562-845C-4E2D-B841-28466CA80289}"
EndProject
Project("{FAE04EC0-301F-11D3-BF4B-00C04F79EFBC}") = "CurriculoGerenciator.IoC", "CurriculoGerenciator.IoC\CurriculoGerenciator.IoC.csproj", "{83C1AF60-B220-420A-AB21-B7913923EEE3}"
EndProject
Project("{FAE04EC0-301F-11D3-BF4B-00C04F79EFBC}") = "CurriculoGerenciator.Infra", "CurriculoGerenciator.Infra\CurriculoGerenciator.Infra.csproj", "{E13A31B5-4689-46C0-BBB3-EC8A47F006A8}"
EndProject
Global
	GlobalSection(SolutionConfigurationPlatforms) = preSolution
		Debug|Any CPU = Debug|Any CPU
		Release|Any CPU = Release|Any CPU
	EndGlobalSection
	GlobalSection(ProjectConfigurationPlatforms) = postSolution
		{9090CC80-2E6C-473F-A390-E13343848C81}.Debug|Any CPU.ActiveCfg = Debug|Any CPU
		{9090CC80-2E6C-473F-A390-E13343848C81}.Debug|Any CPU.Build.0 = Debug|Any CPU
		{9090CC80-2E6C-473F-A390-E13343848C81}.Release|Any CPU.ActiveCfg = Release|Any CPU
		{9090CC80-2E6C-473F-A390-E13343848C81}.Release|Any CPU.Build.0 = Release|Any CPU
		{50B6CBE5-F184-4773-A442-9E3BF58B6AD1}.Debug|Any CPU.ActiveCfg = Debug|Any CPU
		{50B6CBE5-F184-4773-A442-9E3BF58B6AD1}.Debug|Any CPU.Build.0 = Debug|Any CPU
		{50B6CBE5-F184-4773-A442-9E3BF58B6AD1}.Release|Any CPU.ActiveCfg = Release|Any CPU
		{50B6CBE5-F184-4773-A442-9E3BF58B6AD1}.Release|Any CPU.Build.0 = Release|Any CPU
		{DF836562-845C-4E2D-B841-28466CA80289}.Debug|Any CPU.ActiveCfg = Debug|Any CPU
		{DF836562-845C-4E2D-B841-28466CA80289}.Debug|Any CPU.Build.0 = Debug|Any CPU
		{DF836562-845C-4E2D-B841-28466CA80289}.Release|Any CPU.ActiveCfg = Release|Any CPU
		{DF836562-845C-4E2D-B841-28466CA80289}.Release|Any CPU.Build.0 = Release|Any CPU
		{83C1AF60-B220-420A-AB21-B7913923EEE3}.Debug|Any CPU.ActiveCfg = Debug|Any CPU
		{83C1AF60-B220-420A-AB21-B7913923EEE3}.Debug|Any CPU.Build.0 = Debug|Any CPU
		{83C1AF60-B220-420A-AB21-B7913923EEE3}.Release|Any CPU.ActiveCfg = Release|Any CPU
		{83C1AF60-B220-420A-AB21-B7913923EEE3}.Release|Any CPU.Build.0 = Release|Any CPU
		{E13A31B5-4689-46C0-BBB3-EC8A47F006A8}.Debug|Any CPU.ActiveCfg = Debug|Any CPU
		{E13A31B5-4689-46C0-BBB3-EC8A47F006A8}.Debug|Any CPU.Build.0 = Debug|Any CPU
		{E13A31B5-4689-46C0-BBB3-EC8A47F006A8}.Release|Any CPU.ActiveCfg = Release|Any CPU
		{E13A31B5-4689-46C0-BBB3-EC8A47F006A8}.Release|Any CPU.Build.0 = Release|Any CPU
	EndGlobalSection
	GlobalSection(SolutionProperties) = preSolution
		HideSolutionNode = FALSE
	EndGlobalSection
	GlobalSection(ExtensibilityGlobals) = postSolution
		SolutionGuid = {3309B9FB-3A4B-486E-9BA3-3C25703239FA}
	EndGlobalSection
EndGlobal
